<?xml version="1.0" encoding="utf-8"?>
<Project ToolsVersion="4.0" xmlns="http://schemas.microsoft.com/developer/msbuild/2003">
  <ItemGroup>
    <Filter Include="Source Files">
      <UniqueIdentifier>{4FC737F1-C7A5-4376-A066-2A32D752A2FF}</UniqueIdentifier>
      <Extensions>cpp;c;cc;cxx;def;odl;idl;hpj;bat;asm;asmx</Extensions>
    </Filter>
    <Filter Include="Header Files">
      <UniqueIdentifier>{93995380-89BD-4b04-88EB-625FBE52EBFB}</UniqueIdentifier>
      <Extensions>h;hh;hpp;hxx;hm;inl;inc;xsd</Extensions>
    </Filter>
    <Filter Include="Resource Files">
      <UniqueIdentifier>{67DA6AB6-F800-4c08-8B7A-83BB121AAD01}</UniqueIdentifier>
      <Extensions>rc;ico;cur;bmp;dlg;rc2;rct;bin;rgs;gif;jpg;jpeg;jpe;resx;tiff;tif;png;wav;mfcribbon-ms</Extensions>
    </Filter>
    <Filter Include="Source Files\Utils">
      <UniqueIdentifier>{d97440ec-589a-4dd3-9323-38fd2c5da2a2}</UniqueIdentifier>
    </Filter>
    <Filter Include="Header Files\Utils">
      <UniqueIdentifier>{66d0932b-bcb5-48b8-94ef-5142cead0a80}</UniqueIdentifier>
    </Filter>
    <Filter Include="Source Files\Sprites">
      <UniqueIdentifier>{a4b46e6a-51ab-4aab-a2a6-16eaa843c653}</UniqueIdentifier>
    </Filter>
    <Filter Include="Header Files\Sprites">
      <UniqueIdentifier>{e65c3128-f4ec-46a6-8c61-fbc481f7633a}</UniqueIdentifier>
    </Filter>
    <Filter Include="Header Files\includes">
      <UniqueIdentifier>{f3b839de-3f1b-4260-b07f-07d47498b9bf}</UniqueIdentifier>
    </Filter>
    <Filter Include="Source Files\Enemies">
      <UniqueIdentifier>{bac83b8a-c795-429b-a773-52c71c029d53}</UniqueIdentifier>
    </Filter>
    <Filter Include="Source Files\WorldObjects">
      <UniqueIdentifier>{ead222f0-70d8-4db7-9de1-8e6181c5f3ec}</UniqueIdentifier>
    </Filter>
    <Filter Include="Header Files\WorldObjects">
      <UniqueIdentifier>{ae4b88ed-e457-4f86-84a5-11b30cfed109}</UniqueIdentifier>
    </Filter>
    <Filter Include="Header Files\Enemies">
      <UniqueIdentifier>{8ff23da5-4622-4d58-876a-7d0390edbafa}</UniqueIdentifier>
    </Filter>
    <Filter Include="Header Files\GeometricShapes">
      <UniqueIdentifier>{278b18c5-818e-401e-85ed-8735b1b07abb}</UniqueIdentifier>
    </Filter>
    <Filter Include="Source Files\GeometricShapes">
      <UniqueIdentifier>{050a72ac-de62-43c3-be28-32f2253ef60a}</UniqueIdentifier>
    </Filter>
  </ItemGroup>
  <ItemGroup>
    <ClInclude Include="PitfallGame.h">
      <Filter>Header Files</Filter>
    </ClInclude>
    <ClInclude Include="World.h">
      <Filter>Header Files</Filter>
    </ClInclude>
    <ClInclude Include="Point.h">
      <Filter>Header Files\Utils</Filter>
    </ClInclude>
    <ClInclude Include="Color.h">
      <Filter>Header Files\Utils</Filter>
    </ClInclude>
    <ClInclude Include="resource.h">
      <Filter>Header Files</Filter>
    </ClInclude>
    <ClInclude Include="Player.h">
      <Filter>Header Files</Filter>
    </ClInclude>
    <ClInclude Include="PlayerSprite.h">
      <Filter>Header Files\Sprites</Filter>
    </ClInclude>
    <ClInclude Include="ScenarioObjects.h">
      <Filter>Header Files\includes</Filter>
    </ClInclude>
    <ClInclude Include="glut.h">
      <Filter>Header Files\includes</Filter>
    </ClInclude>
    <ClInclude Include="echo.h">
      <Filter>Header Files\includes</Filter>
    </ClInclude>
    <ClInclude Include="LogSprite.h">
      <Filter>Header Files\Sprites</Filter>
    </ClInclude>
    <ClInclude Include="Enemies.h">
      <Filter>Header Files\includes</Filter>
    </ClInclude>
    <ClInclude Include="BrickWall.h">
      <Filter>Header Files\WorldObjects</Filter>
    </ClInclude>
    <ClInclude Include="Stairs.h">
      <Filter>Header Files\WorldObjects</Filter>
    </ClInclude>
    <ClInclude Include="Log.h">
      <Filter>Header Files\Enemies</Filter>
    </ClInclude>
    <ClInclude Include="Shapes.h">
      <Filter>Header Files\includes</Filter>
    </ClInclude>
    <ClInclude Include="Vine.h">
      <Filter>Header Files\WorldObjects</Filter>
    </ClInclude>
    <ClInclude Include="TunnelHole.h">
      <Filter>Header Files\WorldObjects</Filter>
    </ClInclude>
    <ClInclude Include="Scorpion.h">
      <Filter>Header Files\Enemies</Filter>
    </ClInclude>
    <ClInclude Include="ScorpionSprite.h">
      <Filter>Header Files\Sprites</Filter>
    </ClInclude>
    <ClInclude Include="AnimatedObject.h">
      <Filter>Header Files</Filter>
    </ClInclude>
    <ClInclude Include="global_constants.h">
      <Filter>Header Files\includes</Filter>
    </ClInclude>
    <ClInclude Include="CrocodileSprite.h">
      <Filter>Header Files\Sprites</Filter>
    </ClInclude>
    <ClInclude Include="Crocodile.h">
      <Filter>Header Files\Enemies</Filter>
    </ClInclude>
    <ClInclude Include="Hole.h">
      <Filter>Header Files\WorldObjects</Filter>
    </ClInclude>
    <ClInclude Include="File.h">
      <Filter>Header Files\Utils</Filter>
    </ClInclude>
    <ClInclude Include="Circle.h">
      <Filter>Header Files\GeometricShapes</Filter>
    </ClInclude>
    <ClInclude Include="Polygon.h">
      <Filter>Header Files\GeometricShapes</Filter>
    </ClInclude>
    <ClInclude Include="Rect.h">
      <Filter>Header Files\GeometricShapes</Filter>
    </ClInclude>
    <ClInclude Include="Sprite.h">
      <Filter>Header Files\GeometricShapes</Filter>
    </ClInclude>
  </ItemGroup>
  <ItemGroup>
    <ClCompile Include="main.cpp">
      <Filter>Source Files</Filter>
    </ClCompile>
    <ClCompile Include="PitfallGame.cpp">
      <Filter>Source Files</Filter>
    </ClCompile>
    <ClCompile Include="World.cpp">
      <Filter>Source Files</Filter>
    </ClCompile>
    <ClCompile Include="Point.cpp">
      <Filter>Source Files\Utils</Filter>
    </ClCompile>
    <ClCompile Include="Color.cpp">
      <Filter>Source Files\Utils</Filter>
    </ClCompile>
    <ClCompile Include="Player.cpp">
      <Filter>Source Files</Filter>
    </ClCompile>
    <ClCompile Include="PlayerSprite.cpp">
      <Filter>Source Files\Sprites</Filter>
    </ClCompile>
    <ClCompile Include="LogSprite.cpp">
      <Filter>Source Files\Sprites</Filter>
    </ClCompile>
    <ClCompile Include="Stairs.cpp">
      <Filter>Source Files\WorldObjects</Filter>
    </ClCompile>
    <ClCompile Include="BrickWall.cpp">
      <Filter>Source Files\WorldObjects</Filter>
    </ClCompile>
    <ClCompile Include="Log.cpp">
      <Filter>Source Files\Enemies</Filter>
    </ClCompile>
    <ClCompile Include="TunnelHole.cpp">
      <Filter>Source Files\WorldObjects</Filter>
    </ClCompile>
    <ClCompile Include="Vine.cpp">
      <Filter>Source Files\WorldObjects</Filter>
    </ClCompile>
    <ClCompile Include="Scorpion.cpp">
      <Filter>Source Files\Enemies</Filter>
    </ClCompile>
    <ClCompile Include="ScorpionSprite.cpp">
      <Filter>Source Files\Sprites</Filter>
    </ClCompile>
    <ClCompile Include="AnimatedObject.cpp">
      <Filter>Source Files</Filter>
    </ClCompile>
    <ClCompile Include="CrocodileSprite.cpp">
      <Filter>Source Files\Sprites</Filter>
    </ClCompile>
    <ClCompile Include="Crocodile.cpp">
      <Filter>Source Files\Enemies</Filter>
    </ClCompile>
    <ClCompile Include="Hole.cpp">
      <Filter>Source Files\WorldObjects</Filter>
    </ClCompile>
    <ClCompile Include="File.cpp">
      <Filter>Source Files\Utils</Filter>
    </ClCompile>
    <ClCompile Include="Circle.cpp">
      <Filter>Source Files\GeometricShapes</Filter>
    </ClCompile>
    <ClCompile Include="Polygon.cpp">
      <Filter>Source Files\GeometricShapes</Filter>
    </ClCompile>
    <ClCompile Include="Rect.cpp">
      <Filter>Source Files\GeometricShapes</Filter>
    </ClCompile>
    <ClCompile Include="Sprite.cpp">
      <Filter>Source Files\GeometricShapes</Filter>
    </ClCompile>
  </ItemGroup>
  <ItemGroup>
    <ResourceCompile Include="PITFALL2600.rc">
      <Filter>Resource Files</Filter>
    </ResourceCompile>
  </ItemGroup>
  <ItemGroup>
    <None Include="ClassDiagram1.cd" />
  </ItemGroup>
</Project>